// !$*UTF8*$!
{
	archiveVersion = 1;
	classes = {
	};
	objectVersion = 46;
	objects = {

/* Begin PBXBuildFile section */
		8B85078C1D4F39F400F4DF77 /* AppDelegate.swift in Sources */ = {isa = PBXBuildFile; fileRef = 8B85078B1D4F39F400F4DF77 /* AppDelegate.swift */; };
		8B8507911D4F39F400F4DF77 /* Main.storyboard in Resources */ = {isa = PBXBuildFile; fileRef = 8B85078F1D4F39F400F4DF77 /* Main.storyboard */; };
		8B8507931D4F39F400F4DF77 /* Assets.xcassets in Resources */ = {isa = PBXBuildFile; fileRef = 8B8507921D4F39F400F4DF77 /* Assets.xcassets */; };
		8B8507961D4F39F400F4DF77 /* LaunchScreen.storyboard in Resources */ = {isa = PBXBuildFile; fileRef = 8B8507941D4F39F400F4DF77 /* LaunchScreen.storyboard */; };
		8B85079E1D4F3A5700F4DF77 /* MainViewController.swift in Sources */ = {isa = PBXBuildFile; fileRef = 8B85079D1D4F3A5700F4DF77 /* MainViewController.swift */; };
		8B8507A21D4F3B7900F4DF77 /* VPProgressView.swift in Sources */ = {isa = PBXBuildFile; fileRef = 8B8507A11D4F3B7900F4DF77 /* VPProgressView.swift */; };
		96351A9A1D64D7CC009851E1 /* VPBarProgressView.swift in Sources */ = {isa = PBXBuildFile; fileRef = 96351A991D64D7CC009851E1 /* VPBarProgressView.swift */; };
/* End PBXBuildFile section */

/* Begin PBXFileReference section */
		8B8507881D4F39F400F4DF77 /* VPProgressViewExample.app */ = {isa = PBXFileReference; explicitFileType = wrapper.application; includeInIndex = 0; path = VPProgressViewExample.app; sourceTree = BUILT_PRODUCTS_DIR; };
		8B85078B1D4F39F400F4DF77 /* AppDelegate.swift */ = {isa = PBXFileReference; lastKnownFileType = sourcecode.swift; path = AppDelegate.swift; sourceTree = "<group>"; };
		8B8507901D4F39F400F4DF77 /* Base */ = {isa = PBXFileReference; lastKnownFileType = file.storyboard; name = Base; path = Base.lproj/Main.storyboard; sourceTree = "<group>"; };
		8B8507921D4F39F400F4DF77 /* Assets.xcassets */ = {isa = PBXFileReference; lastKnownFileType = folder.assetcatalog; path = Assets.xcassets; sourceTree = "<group>"; };
		8B8507951D4F39F400F4DF77 /* Base */ = {isa = PBXFileReference; lastKnownFileType = file.storyboard; name = Base; path = Base.lproj/LaunchScreen.storyboard; sourceTree = "<group>"; };
		8B8507971D4F39F400F4DF77 /* Info.plist */ = {isa = PBXFileReference; lastKnownFileType = text.plist.xml; path = Info.plist; sourceTree = "<group>"; };
		8B85079D1D4F3A5700F4DF77 /* MainViewController.swift */ = {isa = PBXFileReference; fileEncoding = 4; lastKnownFileType = sourcecode.swift; path = MainViewController.swift; sourceTree = "<group>"; };
		8B8507A11D4F3B7900F4DF77 /* VPProgressView.swift */ = {isa = PBXFileReference; fileEncoding = 4; lastKnownFileType = sourcecode.swift; path = VPProgressView.swift; sourceTree = "<group>"; };
		96351A991D64D7CC009851E1 /* VPBarProgressView.swift */ = {isa = PBXFileReference; fileEncoding = 4; lastKnownFileType = sourcecode.swift; path = VPBarProgressView.swift; sourceTree = "<group>"; };
/* End PBXFileReference section */

/* Begin PBXFrameworksBuildPhase section */
		8B8507851D4F39F400F4DF77 /* Frameworks */ = {
			isa = PBXFrameworksBuildPhase;
			buildActionMask = 2147483647;
			files = (
			);
			runOnlyForDeploymentPostprocessing = 0;
		};
/* End PBXFrameworksBuildPhase section */

/* Begin PBXGroup section */
		8B85077F1D4F39F400F4DF77 = {
			isa = PBXGroup;
			children = (
				8B85078A1D4F39F400F4DF77 /* VPProgressViewExample */,
				8B8507891D4F39F400F4DF77 /* Products */,
			);
			sourceTree = "<group>";
		};
		8B8507891D4F39F400F4DF77 /* Products */ = {
			isa = PBXGroup;
			children = (
				8B8507881D4F39F400F4DF77 /* VPProgressViewExample.app */,
			);
			name = Products;
			sourceTree = "<group>";
		};
		8B85078A1D4F39F400F4DF77 /* VPProgressViewExample */ = {
			isa = PBXGroup;
			children = (
				8B85078B1D4F39F400F4DF77 /* AppDelegate.swift */,
				8B85079D1D4F3A5700F4DF77 /* MainViewController.swift */,
				8B8507A01D4F3B6600F4DF77 /* VPProgressView */,
				8B85078F1D4F39F400F4DF77 /* Main.storyboard */,
				8B8507921D4F39F400F4DF77 /* Assets.xcassets */,
				8B8507941D4F39F400F4DF77 /* LaunchScreen.storyboard */,
				8B8507971D4F39F400F4DF77 /* Info.plist */,
			);
			path = VPProgressViewExample;
			sourceTree = "<group>";
		};
		8B8507A01D4F3B6600F4DF77 /* VPProgressView */ = {
			isa = PBXGroup;
			children = (
				8B8507A11D4F3B7900F4DF77 /* VPProgressView.swift */,
				96351A991D64D7CC009851E1 /* VPBarProgressView.swift */,
			);
			name = VPProgressView;
			path = ../../VPProgressView;
			sourceTree = "<group>";
		};
/* End PBXGroup section */

/* Begin PBXNativeTarget section */
		8B8507871D4F39F400F4DF77 /* VPProgressViewExample */ = {
			isa = PBXNativeTarget;
			buildConfigurationList = 8B85079A1D4F39F400F4DF77 /* Build configuration list for PBXNativeTarget "VPProgressViewExample" */;
			buildPhases = (
				8B8507841D4F39F400F4DF77 /* Sources */,
				8B8507851D4F39F400F4DF77 /* Frameworks */,
				8B8507861D4F39F400F4DF77 /* Resources */,
			);
			buildRules = (
			);
			dependencies = (
			);
			name = VPProgressViewExample;
			productName = VPProgressViewExample;
			productReference = 8B8507881D4F39F400F4DF77 /* VPProgressViewExample.app */;
			productType = "com.apple.product-type.application";
		};
/* End PBXNativeTarget section */

/* Begin PBXProject section */
		8B8507801D4F39F400F4DF77 /* Project object */ = {
			isa = PBXProject;
			attributes = {
				LastSwiftUpdateCheck = 0730;
				LastUpgradeCheck = 0730;
				ORGANIZATIONNAME = VPM;
				TargetAttributes = {
					8B8507871D4F39F400F4DF77 = {
						CreatedOnToolsVersion = 7.3;
					};
				};
			};
			buildConfigurationList = 8B8507831D4F39F400F4DF77 /* Build configuration list for PBXProject "VPProgressViewExample" */;
			compatibilityVersion = "Xcode 3.2";
			developmentRegion = English;
			hasScannedForEncodings = 0;
			knownRegions = (
				en,
				Base,
			);
			mainGroup = 8B85077F1D4F39F400F4DF77;
			productRefGroup = 8B8507891D4F39F400F4DF77 /* Products */;
			projectDirPath = "";
			projectRoot = "";
			targets = (
				8B8507871D4F39F400F4DF77 /* VPProgressViewExample */,
			);
		};
/* End PBXProject section */

/* Begin PBXResourcesBuildPhase section */
		8B8507861D4F39F400F4DF77 /* Resources */ = {
			isa = PBXResourcesBuildPhase;
			buildActionMask = 2147483647;
			files = (
				8B8507961D4F39F400F4DF77 /* LaunchScreen.storyboard in Resources */,
				8B8507931D4F39F400F4DF77 /* Assets.xcassets in Resources */,
				8B8507911D4F39F400F4DF77 /* Main.storyboard in Resources */,
			);
			runOnlyForDeploymentPostprocessing = 0;
		};
/* End PBXResourcesBuildPhase section */

/* Begin PBXSourcesBuildPhase section */
		8B8507841D4F39F400F4DF77 /* Sources */ = {
			isa = PBXSourcesBuildPhase;
			buildActionMask = 2147483647;
			files = (
				8B85078C1D4F39F400F4DF77 /* AppDelegate.swift in Sources */,
				96351A9A1D64D7CC009851E1 /* VPBarProgressView.swift in Sources */,
				8B85079E1D4F3A5700F4DF77 /* MainViewController.swift in Sources */,
				8B8507A21D4F3B7900F4DF77 /* VPProgressView.swift in Sources */,
			);
			runOnlyForDeploymentPostprocessing = 0;
		};
/* End PBXSourcesBuildPhase section */

/* Begin PBXVariantGroup section */
		8B85078F1D4F39F400F4DF77 /* Main.storyboard */ = {
			isa = PBXVariantGroup;
			children = (
				8B8507901D4F39F400F4DF77 /* Base */,
			);
			name = Main.storyboard;
			sourceTree = "<group>";
		};
		8B8507941D4F39F400F4DF77 /* LaunchScreen.storyboard */ = {
			isa = PBXVariantGroup;
			children = (
				8B8507951D4F39F400F4DF77 /* Base */,
			);
			name = LaunchScreen.storyboard;
			sourceTree = "<group>";
		};
/* End PBXVariantGroup section */

/* Begin XCBuildConfiguration section */
		8B8507981D4F39F400F4DF77 /* Debug */ = {
			isa = XCBuildConfiguration;
			buildSettings = {
				ALWAYS_SEARCH_USER_PATHS = NO;
				CLANG_ANALYZER_NONNULL = YES;
				CLANG_CXX_LANGUAGE_STANDARD = "gnu++0x";
				CLANG_CXX_LIBRARY = "libc++";
				CLANG_ENABLE_MODULES = YES;
				CLANG_ENABLE_OBJC_ARC = YES;
				CLANG_WARN_BOOL_CONVERSION = YES;
				CLANG_WARN_CONSTANT_CONVERSION = YES;
				CLANG_WARN_DIRECT_OBJC_ISA_USAGE = YES_ERROR;
				CLANG_WARN_EMPTY_BODY = YES;
				CLANG_WARN_ENUM_CONVERSION = YES;
				CLANG_WARN_INT_CONVERSION = YES;
				CLANG_WARN_OBJC_ROOT_CLASS = YES_ERROR;
				CLANG_WARN_UNREACHABLE_CODE = YES;
				CLANG_WARN__DUPLICATE_METHOD_MATCH = YES;
				"CODE_SIGN_IDENTITY[sdk=iphoneos*]" = "iPhone Developer";
				COPY_PHASE_STRIP = NO;
				DEBUG_INFORMATION_FORMAT = dwarf;
				ENABLE_STRICT_OBJC_MSGSEND = YES;
				ENABLE_TESTABILITY = YES;
				GCC_C_LANGUAGE_STANDARD = gnu99;
				GCC_DYNAMIC_NO_PIC = NO;
				GCC_NO_COMMON_BLOCKS = YES;
				GCC_OPTIMIZATION_LEVEL = 0;
				GCC_PREPROCESSOR_DEFINITIONS = (
					"DEBUG=1",
					"$(inherited)",
				);
				GCC_WARN_64_TO_32_BIT_CONVERSION = YES;
				GCC_WARN_ABOUT_RETURN_TYPE = YES_ERROR;
				GCC_WARN_UNDECLARED_SELECTOR = YES;
				GCC_WARN_UNINITIALIZED_AUTOS = YES_AGGRESSIVE;
				GCC_WARN_UNUSED_FUNCTION = YES;
				GCC_WARN_UNUSED_VARIABLE = YES;
				IPHONEOS_DEPLOYMENT_TARGET = 9.3;
				MTL_ENABLE_DEBUG_INFO = YES;
				ONLY_ACTIVE_ARCH = YES;
				SDKROOT = iphoneos;
				SWIFT_OPTIMIZATION_LEVEL = "-Onone";
			};
			name = Debug;
		};
		8B8507991D4F39F400F4DF77 /* Release */ = {
			isa = XCBuildConfiguration;
			buildSettings = {
				ALWAYS_SEARCH_USER_PATHS = NO;
				CLANG_ANALYZER_NONNULL = YES;
				CLANG_CXX_LANGUAGE_STANDARD = "gnu++0x";
				CLANG_CXX_LIBRARY = "libc++";
				CLANG_ENABLE_MODULES = YES;
				CLANG_ENABLE_OBJC_ARC = YES;
				CLANG_WARN_BOOL_CONVERSION = YES;
				CLANG_WARN_CONSTANT_CONVERSION = YES;
				CLANG_WARN_DIRECT_OBJC_ISA_USAGE = YES_ERROR;
				CLANG_WARN_EMPTY_BODY = YES;
				CLANG_WARN_ENUM_CONVERSION = YES;
				CLANG_WARN_INT_CONVERSION = YES;
				CLANG_WARN_OBJC_ROOT_CLASS = YES_ERROR;
				CLANG_WARN_UNREACHABLE_CODE = YES;
				CLANG_WARN__DUPLICATE_METHOD_MATCH = YES;
				"CODE_SIGN_IDENTITY[sdk=iphoneos*]" = "iPhone Developer";
				COPY_PHASE_STRIP = NO;
				DEBUG_INFORMATION_FORMAT = "dwarf-with-dsym";
				ENABLE_NS_ASSERTIONS = NO;
				ENABLE_STRICT_OBJC_MSGSEND = YES;
				GCC_C_LANGUAGE_STANDARD = gnu99;
				GCC_NO_COMMON_BLOCKS = YES;
				GCC_WARN_64_TO_32_BIT_CONVERSION = YES;
				GCC_WARN_ABOUT_RETURN_TYPE = YES_ERROR;
				GCC_WARN_UNDECLARED_SELECTOR = YES;
				GCC_WARN_UNINITIALIZED_AUTOS = YES_AGGRESSIVE;
				GCC_WARN_UNUSED_FUNCTION = YES;
				GCC_WARN_UNUSED_VARIABLE = YES;
				IPHONEOS_DEPLOYMENT_TARGET = 9.3;
				MTL_ENABLE_DEBUG_INFO = NO;
				SDKROOT = iphoneos;
				VALIDATE_PRODUCT = YES;
			};
			name = Release;
		};
		8B85079B1D4F39F400F4DF77 /* Debug */ = {
			isa = XCBuildConfiguration;
			buildSettings = {
				ASSETCATALOG_COMPILER_APPICON_NAME = AppIcon;
				ASSETCATALOG_COMPILER_LAUNCHIMAGE_NAME = "Brand Assets";
				INFOPLIST_FILE = VPProgressViewExample/Info.plist;
				IPHONEOS_DEPLOYMENT_TARGET = 7.0;
				LD_RUNPATH_SEARCH_PATHS = "$(inherited) @executable_path/Frameworks";
				PRODUCT_BUNDLE_IDENTIFIER = com.vpm.VPProgressViewExample;
				PRODUCT_NAME = "$(TARGET_NAME)";
			};
			name = Debug;
		};
		8B85079C1D4F39F400F4DF77 /* Release */ = {
			isa = XCBuildConfiguration;
			buildSettings = {
				ASSETCATALOG_COMPILER_APPICON_NAME = AppIcon;
				ASSETCATALOG_COMPILER_LAUNCHIMAGE_NAME = "Brand Assets";
				INFOPLIST_FILE = VPProgressViewExample/Info.plist;
				IPHONEOS_DEPLOYMENT_TARGET = 7.0;
				LD_RUNPATH_SEARCH_PATHS = "$(inherited) @executable_path/Frameworks";
				PRODUCT_BUNDLE_IDENTIFIER = com.vpm.VPProgressViewExample;
				PRODUCT_NAME = "$(TARGET_NAME)";
			};
			name = Release;
		};
/* End XCBuildConfiguration section */

/* Begin XCConfigurationList section */
		8B8507831D4F39F400F4DF77 /* Build configuration list for PBXProject "VPProgressViewExample" */ = {
			isa = XCConfigurationList;
			buildConfigurations = (
				8B8507981D4F39F400F4DF77 /* Debug */,
				8B8507991D4F39F400F4DF77 /* Release */,
			);
			defaultConfigurationIsVisible = 0;
			defaultConfigurationName = Release;
		};
		8B85079A1D4F39F400F4DF77 /* Build configuration list for PBXNativeTarget "VPProgressViewExample" */ = {
			isa = XCConfigurationList;
			buildConfigurations = (
				8B85079B1D4F39F400F4DF77 /* Debug */,
				8B85079C1D4F39F400F4DF77 /* Release */,
			);
			defaultConfigurationIsVisible = 0;
			defaultConfigurationName = Release;
		};
/* End XCConfigurationList section */
	};
	rootObject = 8B8507801D4F39F400F4DF77 /* Project object */;
}
